
Microsoft Visual Studio Solution File, Format Version 12.00
# Visual Studio 15
VisualStudioVersion = 15.0.28307.1267
MinimumVisualStudioVersion = 10.0.40219.1
Project("{FAE04EC0-301F-11D3-BF4B-00C04F79EFBC}") = "201126Win_OtobusOtomasyonu", "201126Win_OtobusOtomasyonu\201126Win_OtobusOtomasyonu.csproj", "{BB959998-D338-4C3E-B740-8DE347FDD1C2}"
EndProject
Global
	GlobalSection(SolutionConfigurationPlatforms) = preSolution
		Debug|Any CPU = Debug|Any CPU
		Release|Any CPU = Release|Any CPU
	EndGlobalSection
	GlobalSection(ProjectConfigurationPlatforms) = postSolution
		{BB959998-D338-4C3E-B740-8DE347FDD1C2}.Debug|Any CPU.ActiveCfg = Debug|Any CPU
		{BB959998-D338-4C3E-B740-8DE347FDD1C2}.Debug|Any CPU.Build.0 = Debug|Any CPU
		{BB959998-D338-4C3E-B740-8DE347FDD1C2}.Release|Any CPU.ActiveCfg = Release|Any CPU
		{BB959998-D338-4C3E-B740-8DE347FDD1C2}.Release|Any CPU.Build.0 = Release|Any CPU
	EndGlobalSection
	GlobalSection(SolutionProperties) = preSolution
		HideSolutionNode = FALSE
	EndGlobalSection
	GlobalSection(ExtensibilityGlobals) = postSolution
		SolutionGuid = {89998CD0-CA9A-4488-A1DB-2D6C18F008D4}
	EndGlobalSection
EndGlobal
